// !$*UTF8*$!
{
	archiveVersion = 1;
	classes = {
	};
	objectVersion = 46;
	objects = {

/* Begin PBXFileReference section */
		4853BAE11AC2ECB100025747 /* common_events.cpp */ = {isa = PBXFileReference; lastKnownFileType = sourcecode.cpp.cpp; path = common_events.cpp; sourceTree = "<group>"; };
		4853BAE21AC2ECB100025747 /* common_events.h */ = {isa = PBXFileReference; lastKnownFileType = sourcecode.c.h; path = common_events.h; sourceTree = "<group>"; };
		4853BAE71AC2FC7B00025747 /* ActorManager.cpp */ = {isa = PBXFileReference; lastKnownFileType = sourcecode.cpp.cpp; path = ActorManager.cpp; sourceTree = "<group>"; };
		4853BAE81AC2FC7B00025747 /* ActorManager.h */ = {isa = PBXFileReference; lastKnownFileType = sourcecode.c.h; path = ActorManager.h; sourceTree = "<group>"; };
		487FFA3A1ABB98D9000F9A13 /* sge.h */ = {isa = PBXFileReference; lastKnownFileType = sourcecode.c.h; path = sge.h; sourceTree = "<group>"; };
		487FFA441ABB9987000F9A13 /* Actor.h */ = {isa = PBXFileReference; fileEncoding = 4; lastKnownFileType = sourcecode.c.h; path = Actor.h; sourceTree = "<group>"; };
		487FFA451ABB9987000F9A13 /* ActorComponent.cpp */ = {isa = PBXFileReference; fileEncoding = 4; lastKnownFileType = sourcecode.cpp.cpp; path = ActorComponent.cpp; sourceTree = "<group>"; };
		487FFA461ABB9987000F9A13 /* ActorComponent.h */ = {isa = PBXFileReference; fileEncoding = 4; lastKnownFileType = sourcecode.c.h; path = ActorComponent.h; sourceTree = "<group>"; };
		487FFA4D1ABB9987000F9A13 /* sge_base.cpp */ = {isa = PBXFileReference; fileEncoding = 4; lastKnownFileType = sourcecode.cpp.cpp; path = sge_base.cpp; sourceTree = "<group>"; };
		487FFA4E1ABB9987000F9A13 /* sge_base.h */ = {isa = PBXFileReference; fileEncoding = 4; lastKnownFileType = sourcecode.c.h; path = sge_base.h; sourceTree = "<group>"; };
		487FFA531ABB9987000F9A13 /* HasID.cpp */ = {isa = PBXFileReference; fileEncoding = 4; lastKnownFileType = sourcecode.cpp.cpp; path = HasID.cpp; sourceTree = "<group>"; };
		487FFA541ABB9987000F9A13 /* HasID.h */ = {isa = PBXFileReference; fileEncoding = 4; lastKnownFileType = sourcecode.c.h; path = HasID.h; sourceTree = "<group>"; };
		487FFA6D1ABBA7C6000F9A13 /* TransformComponent.cpp */ = {isa = PBXFileReference; fileEncoding = 4; lastKnownFileType = sourcecode.cpp.cpp; path = TransformComponent.cpp; sourceTree = "<group>"; };
		487FFA6E1ABBA7C6000F9A13 /* TransformComponent.h */ = {isa = PBXFileReference; fileEncoding = 4; lastKnownFileType = sourcecode.c.h; path = TransformComponent.h; sourceTree = "<group>"; };
		487FFA711ABBABCA000F9A13 /* Actor.cpp */ = {isa = PBXFileReference; fileEncoding = 4; lastKnownFileType = sourcecode.cpp.cpp; path = Actor.cpp; sourceTree = "<group>"; };
		487FFA7E1ABC5B00000F9A13 /* BaseView.h */ = {isa = PBXFileReference; fileEncoding = 4; lastKnownFileType = sourcecode.c.h; path = BaseView.h; sourceTree = "<group>"; };
		487FFA811ABC5CAA000F9A13 /* BaseView.cpp */ = {isa = PBXFileReference; fileEncoding = 4; lastKnownFileType = sourcecode.cpp.cpp; path = BaseView.cpp; sourceTree = "<group>"; };
		487FFA841ABC79F6000F9A13 /* BaseLogic.cpp */ = {isa = PBXFileReference; fileEncoding = 4; lastKnownFileType = sourcecode.cpp.cpp; path = BaseLogic.cpp; sourceTree = "<group>"; };
		487FFA851ABC79F6000F9A13 /* BaseLogic.h */ = {isa = PBXFileReference; fileEncoding = 4; lastKnownFileType = sourcecode.c.h; path = BaseLogic.h; sourceTree = "<group>"; };
		487FFA8C1ABD5C7B000F9A13 /* Application.cpp */ = {isa = PBXFileReference; fileEncoding = 4; lastKnownFileType = sourcecode.cpp.cpp; path = Application.cpp; sourceTree = "<group>"; };
		487FFA8D1ABD5C7B000F9A13 /* Application.h */ = {isa = PBXFileReference; fileEncoding = 4; lastKnownFileType = sourcecode.c.h; path = Application.h; sourceTree = "<group>"; };
		487FFA901ABD6480000F9A13 /* FiniteStateMachine.cpp */ = {isa = PBXFileReference; fileEncoding = 4; lastKnownFileType = sourcecode.cpp.cpp; path = FiniteStateMachine.cpp; sourceTree = "<group>"; };
		487FFA911ABD6480000F9A13 /* FiniteStateMachine.h */ = {isa = PBXFileReference; fileEncoding = 4; lastKnownFileType = sourcecode.c.h; path = FiniteStateMachine.h; sourceTree = "<group>"; };
		487FFA941ABEC0C3000F9A13 /* Utils.cpp */ = {isa = PBXFileReference; fileEncoding = 4; lastKnownFileType = sourcecode.cpp.cpp; path = Utils.cpp; sourceTree = "<group>"; };
		487FFA951ABEC0C3000F9A13 /* Utils.h */ = {isa = PBXFileReference; fileEncoding = 4; lastKnownFileType = sourcecode.c.h; path = Utils.h; sourceTree = "<group>"; };
		487FFAFB1AC1D2D7000F9A13 /* EventManager.cpp */ = {isa = PBXFileReference; lastKnownFileType = sourcecode.cpp.cpp; path = EventManager.cpp; sourceTree = "<group>"; };
		487FFAFC1AC1D2D7000F9A13 /* EventManager.h */ = {isa = PBXFileReference; lastKnownFileType = sourcecode.c.h; path = EventManager.h; sourceTree = "<group>"; };
		487FFB011AC1DDCD000F9A13 /* Event.cpp */ = {isa = PBXFileReference; lastKnownFileType = sourcecode.cpp.cpp; path = Event.cpp; sourceTree = "<group>"; };
		487FFB021AC1DDCD000F9A13 /* Event.h */ = {isa = PBXFileReference; lastKnownFileType = sourcecode.c.h; path = Event.h; sourceTree = "<group>"; };
/* End PBXFileReference section */

/* Begin PBXGroup section */
		487FFA2C1ABB9819000F9A13 = {
			isa = PBXGroup;
			children = (
				487FFA391ABB98D9000F9A13 /* sge */,
				487FFA381ABB98D9000F9A13 /* Products */,
			);
			sourceTree = "<group>";
		};
		487FFA381ABB98D9000F9A13 /* Products */ = {
			isa = PBXGroup;
			children = (
			);
			name = Products;
			sourceTree = "<group>";
		};
		487FFA391ABB98D9000F9A13 /* sge */ = {
			isa = PBXGroup;
			children = (
				487FFA431ABB9987000F9A13 /* actors */,
				487FFA8B1ABD5C7B000F9A13 /* app */,
				487FFA4C1ABB9987000F9A13 /* events */,
				487FFA831ABC79D5000F9A13 /* logic */,
				487FFA521ABB9987000F9A13 /* utils */,
				487FFA7C1ABC5A79000F9A13 /* views */,
				487FFA3A1ABB98D9000F9A13 /* sge.h */,
				487FFA4E1ABB9987000F9A13 /* sge_base.h */,
				487FFA4D1ABB9987000F9A13 /* sge_base.cpp */,
			);
			path = sge;
			sourceTree = "<group>";
		};
		487FFA431ABB9987000F9A13 /* actors */ = {
			isa = PBXGroup;
			children = (
				487FFA441ABB9987000F9A13 /* Actor.h */,
				487FFA711ABBABCA000F9A13 /* Actor.cpp */,
				487FFA451ABB9987000F9A13 /* ActorComponent.cpp */,
				487FFA461ABB9987000F9A13 /* ActorComponent.h */,
				487FFA6D1ABBA7C6000F9A13 /* TransformComponent.cpp */,
				487FFA6E1ABBA7C6000F9A13 /* TransformComponent.h */,
				4853BAE71AC2FC7B00025747 /* ActorManager.cpp */,
				4853BAE81AC2FC7B00025747 /* ActorManager.h */,
			);
			path = actors;
			sourceTree = "<group>";
		};
		487FFA4C1ABB9987000F9A13 /* events */ = {
			isa = PBXGroup;
			children = (
				487FFAFB1AC1D2D7000F9A13 /* EventManager.cpp */,
				487FFAFC1AC1D2D7000F9A13 /* EventManager.h */,
				487FFB011AC1DDCD000F9A13 /* Event.cpp */,
				487FFB021AC1DDCD000F9A13 /* Event.h */,
				4853BAE11AC2ECB100025747 /* common_events.cpp */,
				4853BAE21AC2ECB100025747 /* common_events.h */,
			);
			path = events;
			sourceTree = "<group>";
		};
		487FFA521ABB9987000F9A13 /* utils */ = {
			isa = PBXGroup;
			children = (
				487FFA531ABB9987000F9A13 /* HasID.cpp */,
				487FFA541ABB9987000F9A13 /* HasID.h */,
				487FFA901ABD6480000F9A13 /* FiniteStateMachine.cpp */,
				487FFA911ABD6480000F9A13 /* FiniteStateMachine.h */,
				487FFA941ABEC0C3000F9A13 /* Utils.cpp */,
				487FFA951ABEC0C3000F9A13 /* Utils.h */,
			);
			path = utils;
			sourceTree = "<group>";
		};
		487FFA7C1ABC5A79000F9A13 /* views */ = {
			isa = PBXGroup;
			children = (
				487FFA7E1ABC5B00000F9A13 /* BaseView.h */,
				487FFA811ABC5CAA000F9A13 /* BaseView.cpp */,
			);
			path = views;
			sourceTree = "<group>";
		};
		487FFA831ABC79D5000F9A13 /* logic */ = {
			isa = PBXGroup;
			children = (
				487FFA841ABC79F6000F9A13 /* BaseLogic.cpp */,
				487FFA851ABC79F6000F9A13 /* BaseLogic.h */,
			);
			path = logic;
			sourceTree = "<group>";
		};
		487FFA8B1ABD5C7B000F9A13 /* app */ = {
			isa = PBXGroup;
			children = (
				487FFA8C1ABD5C7B000F9A13 /* Application.cpp */,
				487FFA8D1ABD5C7B000F9A13 /* Application.h */,
			);
			path = app;
			sourceTree = "<group>";
		};
/* End PBXGroup section */

/* Begin PBXProject section */
		487FFA2D1ABB9819000F9A13 /* Project object */ = {
			isa = PBXProject;
			attributes = {
				LastUpgradeCheck = 0620;
			};
			buildConfigurationList = 487FFA301ABB9819000F9A13 /* Build configuration list for PBXProject "StupidGameEngine" */;
			compatibilityVersion = "Xcode 3.2";
			developmentRegion = English;
			hasScannedForEncodings = 0;
			knownRegions = (
				en,
			);
			mainGroup = 487FFA2C1ABB9819000F9A13;
			productRefGroup = 487FFA381ABB98D9000F9A13 /* Products */;
			projectDirPath = "";
			projectRoot = "";
			targets = (
			);
		};
/* End PBXProject section */

/* Begin XCBuildConfiguration section */
		487FFA311ABB9819000F9A13 /* Debug */ = {
			isa = XCBuildConfiguration;
			buildSettings = {
			};
			name = Debug;
		};
		487FFA321ABB9819000F9A13 /* Release */ = {
			isa = XCBuildConfiguration;
			buildSettings = {
			};
			name = Release;
		};
/* End XCBuildConfiguration section */

/* Begin XCConfigurationList section */
		487FFA301ABB9819000F9A13 /* Build configuration list for PBXProject "StupidGameEngine" */ = {
			isa = XCConfigurationList;
			buildConfigurations = (
				487FFA311ABB9819000F9A13 /* Debug */,
				487FFA321ABB9819000F9A13 /* Release */,
			);
			defaultConfigurationIsVisible = 0;
			defaultConfigurationName = Release;
		};
/* End XCConfigurationList section */
	};
	rootObject = 487FFA2D1ABB9819000F9A13 /* Project object */;
}
